// !$*UTF8*$!
{
	archiveVersion = 1;
	classes = {
	};
	objectVersion = 77;
	objects = {

/* Begin PBXBuildFile section */
		576B2CBD2D8E95BA009A06FC /* GoogleMobileAds in Frameworks */ = {isa = PBXBuildFile; productRef = 576B2CBC2D8E95BA009A06FC /* GoogleMobileAds */; };
		579D791A2D8E78E7001EF133 /* GoogleMobileAds in Frameworks */ = {isa = PBXBuildFile; productRef = 579D79192D8E78E7001EF133 /* GoogleMobileAds */; };
		7640906196A88958CC81F735 /* Pods_iratappu.framework in Frameworks */ = {isa = PBXBuildFile; fileRef = 79DA85FF371F4C6410F5651D /* Pods_iratappu.framework */; };
		915896E0BCF3FB49D80BC93F /* Pods_iratappu_iratappuUITests.framework in Frameworks */ = {isa = PBXBuildFile; fileRef = FD5DEAB9B7FFAEABCB1257D9 /* Pods_iratappu_iratappuUITests.framework */; };
		915986EFBEE1D5F4282D1070 /* Pods_iratappuTests.framework in Frameworks */ = {isa = PBXBuildFile; fileRef = C7085C03C1B0AB7A99C34408 /* Pods_iratappuTests.framework */; };
/* End PBXBuildFile section */

/* Begin PBXContainerItemProxy section */
		579D78B92D8E50B4001EF133 /* PBXContainerItemProxy */ = {
			isa = PBXContainerItemProxy;
			containerPortal = 579D789D2D8E50B3001EF133 /* Project object */;
			proxyType = 1;
			remoteGlobalIDString = 579D78A42D8E50B3001EF133;
			remoteInfo = iratappu;
		};
		579D78C32D8E50B4001EF133 /* PBXContainerItemProxy */ = {
			isa = PBXContainerItemProxy;
			containerPortal = 579D789D2D8E50B3001EF133 /* Project object */;
			proxyType = 1;
			remoteGlobalIDString = 579D78A42D8E50B3001EF133;
			remoteInfo = iratappu;
		};
/* End PBXContainerItemProxy section */

/* Begin PBXFileReference section */
		2AEB326C4A84A75AC24742C9 /* Pods-iratappu-iratappuUITests.release.xcconfig */ = {isa = PBXFileReference; includeInIndex = 1; lastKnownFileType = text.xcconfig; name = "Pods-iratappu-iratappuUITests.release.xcconfig"; path = "Target Support Files/Pods-iratappu-iratappuUITests/Pods-iratappu-iratappuUITests.release.xcconfig"; sourceTree = "<group>"; };
		2C1A596D69BFB00833F2B0E7 /* Pods-iratappuTests.release.xcconfig */ = {isa = PBXFileReference; includeInIndex = 1; lastKnownFileType = text.xcconfig; name = "Pods-iratappuTests.release.xcconfig"; path = "Target Support Files/Pods-iratappuTests/Pods-iratappuTests.release.xcconfig"; sourceTree = "<group>"; };
		3274A46CFF3762AC4761DA6D /* Pods-iratappu.debug.xcconfig */ = {isa = PBXFileReference; includeInIndex = 1; lastKnownFileType = text.xcconfig; name = "Pods-iratappu.debug.xcconfig"; path = "Target Support Files/Pods-iratappu/Pods-iratappu.debug.xcconfig"; sourceTree = "<group>"; };
		579D78A52D8E50B3001EF133 /* IRAPPO.app */ = {isa = PBXFileReference; explicitFileType = wrapper.application; includeInIndex = 0; path = IRAPPO.app; sourceTree = BUILT_PRODUCTS_DIR; };
		579D78B82D8E50B4001EF133 /* IRAPPOTests.xctest */ = {isa = PBXFileReference; explicitFileType = wrapper.cfbundle; includeInIndex = 0; path = IRAPPOTests.xctest; sourceTree = BUILT_PRODUCTS_DIR; };
		579D78C22D8E50B4001EF133 /* IRAPPOUITests.xctest */ = {isa = PBXFileReference; explicitFileType = wrapper.cfbundle; includeInIndex = 0; path = IRAPPOUITests.xctest; sourceTree = BUILT_PRODUCTS_DIR; };
		79DA85FF371F4C6410F5651D /* Pods_iratappu.framework */ = {isa = PBXFileReference; explicitFileType = wrapper.framework; includeInIndex = 0; path = Pods_iratappu.framework; sourceTree = BUILT_PRODUCTS_DIR; };
		9501F6CFA4B78E3B7AFFEAE6 /* Pods-iratappu.release.xcconfig */ = {isa = PBXFileReference; includeInIndex = 1; lastKnownFileType = text.xcconfig; name = "Pods-iratappu.release.xcconfig"; path = "Target Support Files/Pods-iratappu/Pods-iratappu.release.xcconfig"; sourceTree = "<group>"; };
		BC4E742B67458DABA1511A25 /* Pods-iratappuTests.debug.xcconfig */ = {isa = PBXFileReference; includeInIndex = 1; lastKnownFileType = text.xcconfig; name = "Pods-iratappuTests.debug.xcconfig"; path = "Target Support Files/Pods-iratappuTests/Pods-iratappuTests.debug.xcconfig"; sourceTree = "<group>"; };
		C7085C03C1B0AB7A99C34408 /* Pods_iratappuTests.framework */ = {isa = PBXFileReference; explicitFileType = wrapper.framework; includeInIndex = 0; path = Pods_iratappuTests.framework; sourceTree = BUILT_PRODUCTS_DIR; };
		EC2140D89FEAE4AF50DC62F2 /* Pods-iratappu-iratappuUITests.debug.xcconfig */ = {isa = PBXFileReference; includeInIndex = 1; lastKnownFileType = text.xcconfig; name = "Pods-iratappu-iratappuUITests.debug.xcconfig"; path = "Target Support Files/Pods-iratappu-iratappuUITests/Pods-iratappu-iratappuUITests.debug.xcconfig"; sourceTree = "<group>"; };
		FD5DEAB9B7FFAEABCB1257D9 /* Pods_iratappu_iratappuUITests.framework */ = {isa = PBXFileReference; explicitFileType = wrapper.framework; includeInIndex = 0; path = Pods_iratappu_iratappuUITests.framework; sourceTree = BUILT_PRODUCTS_DIR; };
/* End PBXFileReference section */

/* Begin PBXFileSystemSynchronizedBuildFileExceptionSet section */
		576B2CBF2D8E9637009A06FC /* Exceptions for "iratappu" folder in "IRAPPO" target */ = {
			isa = PBXFileSystemSynchronizedBuildFileExceptionSet;
			membershipExceptions = (
				"/Localized: InfoPlist.strings",
				"/Localized: iratappu.entitlements",
				"/Localized: Localizable.strings",
				Info.plist,
			);
			target = 579D78A42D8E50B3001EF133 /* IRAPPO */;
		};
/* End PBXFileSystemSynchronizedBuildFileExceptionSet section */

/* Begin PBXFileSystemSynchronizedGroupBuildPhaseMembershipExceptionSet section */
		575276C42D98586800E80CC6 /* Exceptions for "iratappu" folder in "Compile Sources" phase from "IRAPPO" target */ = {
			isa = PBXFileSystemSynchronizedGroupBuildPhaseMembershipExceptionSet;
			buildPhase = 579D78A12D8E50B3001EF133 /* Sources */;
			membershipExceptions = (
				"/Localized: InfoPlist.strings",
				"/Localized: Localizable.strings",
			);
		};
/* End PBXFileSystemSynchronizedGroupBuildPhaseMembershipExceptionSet section */

/* Begin PBXFileSystemSynchronizedRootGroup section */
		579D78A72D8E50B3001EF133 /* iratappu */ = {
			isa = PBXFileSystemSynchronizedRootGroup;
			exceptions = (
				576B2CBF2D8E9637009A06FC /* Exceptions for "iratappu" folder in "IRAPPO" target */,
				575276C42D98586800E80CC6 /* Exceptions for "iratappu" folder in "Compile Sources" phase from "IRAPPO" target */,
			);
			path = iratappu;
			sourceTree = "<group>";
		};
		579D78BB2D8E50B4001EF133 /* iratappuTests */ = {
			isa = PBXFileSystemSynchronizedRootGroup;
			path = iratappuTests;
			sourceTree = "<group>";
		};
		579D78C52D8E50B4001EF133 /* iratappuUITests */ = {
			isa = PBXFileSystemSynchronizedRootGroup;
			path = iratappuUITests;
			sourceTree = "<group>";
		};
/* End PBXFileSystemSynchronizedRootGroup section */

/* Begin PBXFrameworksBuildPhase section */
		579D78A22D8E50B3001EF133 /* Frameworks */ = {
			isa = PBXFrameworksBuildPhase;
			buildActionMask = 2147483647;
			files = (
				576B2CBD2D8E95BA009A06FC /* GoogleMobileAds in Frameworks */,
				579D791A2D8E78E7001EF133 /* GoogleMobileAds in Frameworks */,
				7640906196A88958CC81F735 /* Pods_iratappu.framework in Frameworks */,
			);
			runOnlyForDeploymentPostprocessing = 0;
		};
		579D78B52D8E50B4001EF133 /* Frameworks */ = {
			isa = PBXFrameworksBuildPhase;
			buildActionMask = 2147483647;
			files = (
				915986EFBEE1D5F4282D1070 /* Pods_iratappuTests.framework in Frameworks */,
			);
			runOnlyForDeploymentPostprocessing = 0;
		};
		579D78BF2D8E50B4001EF133 /* Frameworks */ = {
			isa = PBXFrameworksBuildPhase;
			buildActionMask = 2147483647;
			files = (
				915896E0BCF3FB49D80BC93F /* Pods_iratappu_iratappuUITests.framework in Frameworks */,
			);
			runOnlyForDeploymentPostprocessing = 0;
		};
/* End PBXFrameworksBuildPhase section */

/* Begin PBXGroup section */
		00AD141C22B376ACACD0D662 /* Frameworks */ = {
			isa = PBXGroup;
			children = (
				79DA85FF371F4C6410F5651D /* Pods_iratappu.framework */,
				FD5DEAB9B7FFAEABCB1257D9 /* Pods_iratappu_iratappuUITests.framework */,
				C7085C03C1B0AB7A99C34408 /* Pods_iratappuTests.framework */,
			);
			name = Frameworks;
			sourceTree = "<group>";
		};
		3F276585F5A05084CDBB271F /* Pods */ = {
			isa = PBXGroup;
			children = (
				3274A46CFF3762AC4761DA6D /* Pods-iratappu.debug.xcconfig */,
				9501F6CFA4B78E3B7AFFEAE6 /* Pods-iratappu.release.xcconfig */,
				EC2140D89FEAE4AF50DC62F2 /* Pods-iratappu-iratappuUITests.debug.xcconfig */,
				2AEB326C4A84A75AC24742C9 /* Pods-iratappu-iratappuUITests.release.xcconfig */,
				BC4E742B67458DABA1511A25 /* Pods-iratappuTests.debug.xcconfig */,
				2C1A596D69BFB00833F2B0E7 /* Pods-iratappuTests.release.xcconfig */,
			);
			path = Pods;
			sourceTree = "<group>";
		};
		579D789C2D8E50B3001EF133 = {
			isa = PBXGroup;
			children = (
				579D78A72D8E50B3001EF133 /* iratappu */,
				579D78BB2D8E50B4001EF133 /* iratappuTests */,
				579D78C52D8E50B4001EF133 /* iratappuUITests */,
				579D78A62D8E50B3001EF133 /* Products */,
				3F276585F5A05084CDBB271F /* Pods */,
				00AD141C22B376ACACD0D662 /* Frameworks */,
			);
			sourceTree = "<group>";
		};
		579D78A62D8E50B3001EF133 /* Products */ = {
			isa = PBXGroup;
			children = (
				579D78A52D8E50B3001EF133 /* IRAPPO.app */,
				579D78B82D8E50B4001EF133 /* IRAPPOTests.xctest */,
				579D78C22D8E50B4001EF133 /* IRAPPOUITests.xctest */,
			);
			name = Products;
			sourceTree = "<group>";
		};
/* End PBXGroup section */

/* Begin PBXNativeTarget section */
		579D78A42D8E50B3001EF133 /* IRAPPO */ = {
			isa = PBXNativeTarget;
			buildConfigurationList = 579D78CC2D8E50B4001EF133 /* Build configuration list for PBXNativeTarget "IRAPPO" */;
			buildPhases = (
				960BA7338591732A755B90D9 /* [CP] Check Pods Manifest.lock */,
				579D78A12D8E50B3001EF133 /* Sources */,
				579D78A22D8E50B3001EF133 /* Frameworks */,
				579D78A32D8E50B3001EF133 /* Resources */,
				B28FE274C43BEEF3F103846B /* [CP] Copy Pods Resources */,
			);
			buildRules = (
			);
			dependencies = (
			);
			fileSystemSynchronizedGroups = (
				579D78A72D8E50B3001EF133 /* iratappu */,
			);
			name = IRAPPO;
			productName = iratappu;
			productReference = 579D78A52D8E50B3001EF133 /* IRAPPO.app */;
			productType = "com.apple.product-type.application";
		};
		579D78B72D8E50B4001EF133 /* IRAPPOTests */ = {
			isa = PBXNativeTarget;
			buildConfigurationList = 579D78CF2D8E50B4001EF133 /* Build configuration list for PBXNativeTarget "IRAPPOTests" */;
			buildPhases = (
				C260A0F63DC10FD9F3225BF8 /* [CP] Check Pods Manifest.lock */,
				579D78B42D8E50B4001EF133 /* Sources */,
				579D78B52D8E50B4001EF133 /* Frameworks */,
				579D78B62D8E50B4001EF133 /* Resources */,
			);
			buildRules = (
			);
			dependencies = (
				579D78BA2D8E50B4001EF133 /* PBXTargetDependency */,
			);
			fileSystemSynchronizedGroups = (
				579D78BB2D8E50B4001EF133 /* iratappuTests */,
			);
			name = IRAPPOTests;
			productName = iratappuTests;
			productReference = 579D78B82D8E50B4001EF133 /* IRAPPOTests.xctest */;
			productType = "com.apple.product-type.bundle.unit-test";
		};
		579D78C12D8E50B4001EF133 /* IRAPPOUITests */ = {
			isa = PBXNativeTarget;
			buildConfigurationList = 579D78D22D8E50B4001EF133 /* Build configuration list for PBXNativeTarget "IRAPPOUITests" */;
			buildPhases = (
				C4C27E8DDECB0CAD7A8ACC0A /* [CP] Check Pods Manifest.lock */,
				579D78BE2D8E50B4001EF133 /* Sources */,
				579D78BF2D8E50B4001EF133 /* Frameworks */,
				579D78C02D8E50B4001EF133 /* Resources */,
				DBB033BB4169C60448FB29AF /* [CP] Copy Pods Resources */,
			);
			buildRules = (
			);
			dependencies = (
				579D78C42D8E50B4001EF133 /* PBXTargetDependency */,
			);
			fileSystemSynchronizedGroups = (
				579D78C52D8E50B4001EF133 /* iratappuUITests */,
			);
			name = IRAPPOUITests;
			productName = iratappuUITests;
			productReference = 579D78C22D8E50B4001EF133 /* IRAPPOUITests.xctest */;
			productType = "com.apple.product-type.bundle.ui-testing";
		};
/* End PBXNativeTarget section */

/* Begin PBXProject section */
		579D789D2D8E50B3001EF133 /* Project object */ = {
			isa = PBXProject;
			attributes = {
				BuildIndependentTargetsInParallel = 1;
				LastSwiftUpdateCheck = 1620;
				LastUpgradeCheck = 1620;
				TargetAttributes = {
					579D78A42D8E50B3001EF133 = {
						CreatedOnToolsVersion = 16.2;
					};
					579D78B72D8E50B4001EF133 = {
						CreatedOnToolsVersion = 16.2;
						TestTargetID = 579D78A42D8E50B3001EF133;
					};
					579D78C12D8E50B4001EF133 = {
						CreatedOnToolsVersion = 16.2;
						TestTargetID = 579D78A42D8E50B3001EF133;
					};
				};
			};
			buildConfigurationList = 579D78A02D8E50B3001EF133 /* Build configuration list for PBXProject "IRAPPO" */;
			developmentRegion = en;
			hasScannedForEncodings = 0;
			knownRegions = (
				en,
				Base,
				"zh-HK",
				"zh-Hans",
				"zh-Hant",
				ja,
			);
			mainGroup = 579D789C2D8E50B3001EF133;
			minimizedProjectReferenceProxies = 1;
			packageReferences = (
				576B2CBB2D8E95BA009A06FC /* XCRemoteSwiftPackageReference "swift-package-manager-google-mobile-ads" */,
			);
			preferredProjectObjectVersion = 77;
			productRefGroup = 579D78A62D8E50B3001EF133 /* Products */;
			projectDirPath = "";
			projectRoot = "";
			targets = (
				579D78A42D8E50B3001EF133 /* IRAPPO */,
				579D78B72D8E50B4001EF133 /* IRAPPOTests */,
				579D78C12D8E50B4001EF133 /* IRAPPOUITests */,
			);
		};
/* End PBXProject section */

/* Begin PBXResourcesBuildPhase section */
		579D78A32D8E50B3001EF133 /* Resources */ = {
			isa = PBXResourcesBuildPhase;
			buildActionMask = 2147483647;
			files = (
			);
			runOnlyForDeploymentPostprocessing = 0;
		};
		579D78B62D8E50B4001EF133 /* Resources */ = {
			isa = PBXResourcesBuildPhase;
			buildActionMask = 2147483647;
			files = (
			);
			runOnlyForDeploymentPostprocessing = 0;
		};
		579D78C02D8E50B4001EF133 /* Resources */ = {
			isa = PBXResourcesBuildPhase;
			buildActionMask = 2147483647;
			files = (
			);
			runOnlyForDeploymentPostprocessing = 0;
		};
/* End PBXResourcesBuildPhase section */

/* Begin PBXShellScriptBuildPhase section */
		960BA7338591732A755B90D9 /* [CP] Check Pods Manifest.lock */ = {
			isa = PBXShellScriptBuildPhase;
			buildActionMask = 2147483647;
			files = (
			);
			inputFileListPaths = (
			);
			inputPaths = (
				"${PODS_PODFILE_DIR_PATH}/Podfile.lock",
				"${PODS_ROOT}/Manifest.lock",
			);
			name = "[CP] Check Pods Manifest.lock";
			outputFileListPaths = (
			);
			outputPaths = (
				"$(DERIVED_FILE_DIR)/Pods-iratappu-checkManifestLockResult.txt",
			);
			runOnlyForDeploymentPostprocessing = 0;
			shellPath = /bin/sh;
			shellScript = "diff \"${PODS_PODFILE_DIR_PATH}/Podfile.lock\" \"${PODS_ROOT}/Manifest.lock\" > /dev/null\nif [ $? != 0 ] ; then\n    # print error to STDERR\n    echo \"error: The sandbox is not in sync with the Podfile.lock. Run 'pod install' or update your CocoaPods installation.\" >&2\n    exit 1\nfi\n# This output is used by Xcode 'outputs' to avoid re-running this script phase.\necho \"SUCCESS\" > \"${SCRIPT_OUTPUT_FILE_0}\"\n";
			showEnvVarsInLog = 0;
		};
		B28FE274C43BEEF3F103846B /* [CP] Copy Pods Resources */ = {
			isa = PBXShellScriptBuildPhase;
			buildActionMask = 2147483647;
			files = (
			);
			inputFileListPaths = (
				"${PODS_ROOT}/Target Support Files/Pods-iratappu/Pods-iratappu-resources-${CONFIGURATION}-input-files.xcfilelist",
			);
			name = "[CP] Copy Pods Resources";
			outputFileListPaths = (
				"${PODS_ROOT}/Target Support Files/Pods-iratappu/Pods-iratappu-resources-${CONFIGURATION}-output-files.xcfilelist",
			);
			runOnlyForDeploymentPostprocessing = 0;
			shellPath = /bin/sh;
			shellScript = "\"${PODS_ROOT}/Target Support Files/Pods-iratappu/Pods-iratappu-resources.sh\"\n";
			showEnvVarsInLog = 0;
		};
		C260A0F63DC10FD9F3225BF8 /* [CP] Check Pods Manifest.lock */ = {
			isa = PBXShellScriptBuildPhase;
			buildActionMask = 2147483647;
			files = (
			);
			inputFileListPaths = (
			);
			inputPaths = (
				"${PODS_PODFILE_DIR_PATH}/Podfile.lock",
				"${PODS_ROOT}/Manifest.lock",
			);
			name = "[CP] Check Pods Manifest.lock";
			outputFileListPaths = (
			);
			outputPaths = (
				"$(DERIVED_FILE_DIR)/Pods-iratappuTests-checkManifestLockResult.txt",
			);
			runOnlyForDeploymentPostprocessing = 0;
			shellPath = /bin/sh;
			shellScript = "diff \"${PODS_PODFILE_DIR_PATH}/Podfile.lock\" \"${PODS_ROOT}/Manifest.lock\" > /dev/null\nif [ $? != 0 ] ; then\n    # print error to STDERR\n    echo \"error: The sandbox is not in sync with the Podfile.lock. Run 'pod install' or update your CocoaPods installation.\" >&2\n    exit 1\nfi\n# This output is used by Xcode 'outputs' to avoid re-running this script phase.\necho \"SUCCESS\" > \"${SCRIPT_OUTPUT_FILE_0}\"\n";
			showEnvVarsInLog = 0;
		};
		C4C27E8DDECB0CAD7A8ACC0A /* [CP] Check Pods Manifest.lock */ = {
			isa = PBXShellScriptBuildPhase;
			buildActionMask = 2147483647;
			files = (
			);
			inputFileListPaths = (
			);
			inputPaths = (
				"${PODS_PODFILE_DIR_PATH}/Podfile.lock",
				"${PODS_ROOT}/Manifest.lock",
			);
			name = "[CP] Check Pods Manifest.lock";
			outputFileListPaths = (
			);
			outputPaths = (
				"$(DERIVED_FILE_DIR)/Pods-iratappu-iratappuUITests-checkManifestLockResult.txt",
			);
			runOnlyForDeploymentPostprocessing = 0;
			shellPath = /bin/sh;
			shellScript = "diff \"${PODS_PODFILE_DIR_PATH}/Podfile.lock\" \"${PODS_ROOT}/Manifest.lock\" > /dev/null\nif [ $? != 0 ] ; then\n    # print error to STDERR\n    echo \"error: The sandbox is not in sync with the Podfile.lock. Run 'pod install' or update your CocoaPods installation.\" >&2\n    exit 1\nfi\n# This output is used by Xcode 'outputs' to avoid re-running this script phase.\necho \"SUCCESS\" > \"${SCRIPT_OUTPUT_FILE_0}\"\n";
			showEnvVarsInLog = 0;
		};
		DBB033BB4169C60448FB29AF /* [CP] Copy Pods Resources */ = {
			isa = PBXShellScriptBuildPhase;
			buildActionMask = 2147483647;
			files = (
			);
			inputFileListPaths = (
				"${PODS_ROOT}/Target Support Files/Pods-iratappu-iratappuUITests/Pods-iratappu-iratappuUITests-resources-${CONFIGURATION}-input-files.xcfilelist",
			);
			name = "[CP] Copy Pods Resources";
			outputFileListPaths = (
				"${PODS_ROOT}/Target Support Files/Pods-iratappu-iratappuUITests/Pods-iratappu-iratappuUITests-resources-${CONFIGURATION}-output-files.xcfilelist",
			);
			runOnlyForDeploymentPostprocessing = 0;
			shellPath = /bin/sh;
			shellScript = "\"${PODS_ROOT}/Target Support Files/Pods-iratappu-iratappuUITests/Pods-iratappu-iratappuUITests-resources.sh\"\n";
			showEnvVarsInLog = 0;
		};
/* End PBXShellScriptBuildPhase section */

/* Begin PBXSourcesBuildPhase section */
		579D78A12D8E50B3001EF133 /* Sources */ = {
			isa = PBXSourcesBuildPhase;
			buildActionMask = 2147483647;
			files = (
			);
			runOnlyForDeploymentPostprocessing = 0;
		};
		579D78B42D8E50B4001EF133 /* Sources */ = {
			isa = PBXSourcesBuildPhase;
			buildActionMask = 2147483647;
			files = (
			);
			runOnlyForDeploymentPostprocessing = 0;
		};
		579D78BE2D8E50B4001EF133 /* Sources */ = {
			isa = PBXSourcesBuildPhase;
			buildActionMask = 2147483647;
			files = (
			);
			runOnlyForDeploymentPostprocessing = 0;
		};
/* End PBXSourcesBuildPhase section */

/* Begin PBXTargetDependency section */
		579D78BA2D8E50B4001EF133 /* PBXTargetDependency */ = {
			isa = PBXTargetDependency;
			target = 579D78A42D8E50B3001EF133 /* IRAPPO */;
			targetProxy = 579D78B92D8E50B4001EF133 /* PBXContainerItemProxy */;
		};
		579D78C42D8E50B4001EF133 /* PBXTargetDependency */ = {
			isa = PBXTargetDependency;
			target = 579D78A42D8E50B3001EF133 /* IRAPPO */;
			targetProxy = 579D78C32D8E50B4001EF133 /* PBXContainerItemProxy */;
		};
/* End PBXTargetDependency section */

/* Begin XCBuildConfiguration section */
		579D78CA2D8E50B4001EF133 /* Debug */ = {
			isa = XCBuildConfiguration;
			buildSettings = {
				ALWAYS_SEARCH_USER_PATHS = NO;
				ASSETCATALOG_COMPILER_GENERATE_SWIFT_ASSET_SYMBOL_EXTENSIONS = YES;
				CLANG_ANALYZER_LOCALIZABILITY_NONLOCALIZED = YES;
				CLANG_ANALYZER_NONNULL = YES;
				CLANG_ANALYZER_NUMBER_OBJECT_CONVERSION = YES_AGGRESSIVE;
				CLANG_CXX_LANGUAGE_STANDARD = "gnu++20";
				CLANG_ENABLE_MODULES = YES;
				CLANG_ENABLE_OBJC_ARC = YES;
				CLANG_ENABLE_OBJC_WEAK = YES;
				CLANG_WARN_BLOCK_CAPTURE_AUTORELEASING = YES;
				CLANG_WARN_BOOL_CONVERSION = YES;
				CLANG_WARN_COMMA = YES;
				CLANG_WARN_CONSTANT_CONVERSION = YES;
				CLANG_WARN_DEPRECATED_OBJC_IMPLEMENTATIONS = YES;
				CLANG_WARN_DIRECT_OBJC_ISA_USAGE = YES_ERROR;
				CLANG_WARN_DOCUMENTATION_COMMENTS = YES;
				CLANG_WARN_EMPTY_BODY = YES;
				CLANG_WARN_ENUM_CONVERSION = YES;
				CLANG_WARN_INFINITE_RECURSION = YES;
				CLANG_WARN_INT_CONVERSION = YES;
				CLANG_WARN_NON_LITERAL_NULL_CONVERSION = YES;
				CLANG_WARN_OBJC_IMPLICIT_RETAIN_SELF = YES;
				CLANG_WARN_OBJC_LITERAL_CONVERSION = YES;
				CLANG_WARN_OBJC_ROOT_CLASS = YES_ERROR;
				CLANG_WARN_QUOTED_INCLUDE_IN_FRAMEWORK_HEADER = YES;
				CLANG_WARN_RANGE_LOOP_ANALYSIS = YES;
				CLANG_WARN_STRICT_PROTOTYPES = YES;
				CLANG_WARN_SUSPICIOUS_MOVE = YES;
				CLANG_WARN_UNGUARDED_AVAILABILITY = YES_AGGRESSIVE;
				CLANG_WARN_UNREACHABLE_CODE = YES;
				CLANG_WARN__DUPLICATE_METHOD_MATCH = YES;
				COPY_PHASE_STRIP = NO;
				DEAD_CODE_STRIPPING = YES;
				DEBUG_INFORMATION_FORMAT = dwarf;
				ENABLE_STRICT_OBJC_MSGSEND = YES;
				ENABLE_TESTABILITY = YES;
				ENABLE_USER_SCRIPT_SANDBOXING = YES;
				GCC_C_LANGUAGE_STANDARD = gnu17;
				GCC_DYNAMIC_NO_PIC = NO;
				GCC_NO_COMMON_BLOCKS = YES;
				GCC_OPTIMIZATION_LEVEL = 0;
				GCC_PREPROCESSOR_DEFINITIONS = (
					"DEBUG=1",
					"$(inherited)",
				);
				GCC_WARN_64_TO_32_BIT_CONVERSION = YES;
				GCC_WARN_ABOUT_RETURN_TYPE = YES_ERROR;
				GCC_WARN_UNDECLARED_SELECTOR = YES;
				GCC_WARN_UNINITIALIZED_AUTOS = YES_AGGRESSIVE;
				GCC_WARN_UNUSED_FUNCTION = YES;
				GCC_WARN_UNUSED_VARIABLE = YES;
				LOCALIZATION_PREFERS_STRING_CATALOGS = YES;
				MTL_ENABLE_DEBUG_INFO = INCLUDE_SOURCE;
				MTL_FAST_MATH = YES;
				ONLY_ACTIVE_ARCH = YES;
				SWIFT_ACTIVE_COMPILATION_CONDITIONS = "DEBUG $(inherited)";
				SWIFT_OPTIMIZATION_LEVEL = "-Onone";
			};
			name = Debug;
		};
		579D78CB2D8E50B4001EF133 /* Release */ = {
			isa = XCBuildConfiguration;
			buildSettings = {
				ALWAYS_SEARCH_USER_PATHS = NO;
				ASSETCATALOG_COMPILER_GENERATE_SWIFT_ASSET_SYMBOL_EXTENSIONS = YES;
				CLANG_ANALYZER_LOCALIZABILITY_NONLOCALIZED = YES;
				CLANG_ANALYZER_NONNULL = YES;
				CLANG_ANALYZER_NUMBER_OBJECT_CONVERSION = YES_AGGRESSIVE;
				CLANG_CXX_LANGUAGE_STANDARD = "gnu++20";
				CLANG_ENABLE_MODULES = YES;
				CLANG_ENABLE_OBJC_ARC = YES;
				CLANG_ENABLE_OBJC_WEAK = YES;
				CLANG_WARN_BLOCK_CAPTURE_AUTORELEASING = YES;
				CLANG_WARN_BOOL_CONVERSION = YES;
				CLANG_WARN_COMMA = YES;
				CLANG_WARN_CONSTANT_CONVERSION = YES;
				CLANG_WARN_DEPRECATED_OBJC_IMPLEMENTATIONS = YES;
				CLANG_WARN_DIRECT_OBJC_ISA_USAGE = YES_ERROR;
				CLANG_WARN_DOCUMENTATION_COMMENTS = YES;
				CLANG_WARN_EMPTY_BODY = YES;
				CLANG_WARN_ENUM_CONVERSION = YES;
				CLANG_WARN_INFINITE_RECURSION = YES;
				CLANG_WARN_INT_CONVERSION = YES;
				CLANG_WARN_NON_LITERAL_NULL_CONVERSION = YES;
				CLANG_WARN_OBJC_IMPLICIT_RETAIN_SELF = YES;
				CLANG_WARN_OBJC_LITERAL_CONVERSION = YES;
				CLANG_WARN_OBJC_ROOT_CLASS = YES_ERROR;
				CLANG_WARN_QUOTED_INCLUDE_IN_FRAMEWORK_HEADER = YES;
				CLANG_WARN_RANGE_LOOP_ANALYSIS = YES;
				CLANG_WARN_STRICT_PROTOTYPES = YES;
				CLANG_WARN_SUSPICIOUS_MOVE = YES;
				CLANG_WARN_UNGUARDED_AVAILABILITY = YES_AGGRESSIVE;
				CLANG_WARN_UNREACHABLE_CODE = YES;
				CLANG_WARN__DUPLICATE_METHOD_MATCH = YES;
				COPY_PHASE_STRIP = NO;
				DEAD_CODE_STRIPPING = YES;
				DEBUG_INFORMATION_FORMAT = "dwarf-with-dsym";
				ENABLE_NS_ASSERTIONS = NO;
				ENABLE_STRICT_OBJC_MSGSEND = YES;
				ENABLE_USER_SCRIPT_SANDBOXING = YES;
				GCC_C_LANGUAGE_STANDARD = gnu17;
				GCC_NO_COMMON_BLOCKS = YES;
				GCC_WARN_64_TO_32_BIT_CONVERSION = YES;
				GCC_WARN_ABOUT_RETURN_TYPE = YES_ERROR;
				GCC_WARN_UNDECLARED_SELECTOR = YES;
				GCC_WARN_UNINITIALIZED_AUTOS = YES_AGGRESSIVE;
				GCC_WARN_UNUSED_FUNCTION = YES;
				GCC_WARN_UNUSED_VARIABLE = YES;
				LOCALIZATION_PREFERS_STRING_CATALOGS = YES;
				MTL_ENABLE_DEBUG_INFO = NO;
				MTL_FAST_MATH = YES;
				SWIFT_COMPILATION_MODE = wholemodule;
			};
			name = Release;
		};
		579D78CD2D8E50B4001EF133 /* Debug */ = {
			isa = XCBuildConfiguration;
			baseConfigurationReference = 3274A46CFF3762AC4761DA6D /* Pods-iratappu.debug.xcconfig */;
			buildSettings = {
				ASSETCATALOG_COMPILER_APPICON_NAME = AppIcon;
				ASSETCATALOG_COMPILER_GLOBAL_ACCENT_COLOR_NAME = AccentColor;
				CODE_SIGN_ENTITLEMENTS = "";
				"CODE_SIGN_IDENTITY[sdk=macosx*]" = "Apple Development";
				CODE_SIGN_STYLE = Automatic;
				CURRENT_PROJECT_VERSION = 1;
				DEAD_CODE_STRIPPING = YES;
				DEVELOPMENT_ASSET_PATHS = "\"iratappu/Preview Content\"";
				DEVELOPMENT_TEAM = MY8WU4892D;
				ENABLE_HARDENED_RUNTIME = YES;
				ENABLE_PREVIEWS = YES;
				ENABLE_USER_SCRIPT_SANDBOXING = NO;
				GENERATE_INFOPLIST_FILE = YES;
				INFOPLIST_FILE = iratappu/Info.plist;
				"INFOPLIST_KEY_UIApplicationSceneManifest_Generation[sdk=iphoneos*]" = YES;
				"INFOPLIST_KEY_UIApplicationSceneManifest_Generation[sdk=iphonesimulator*]" = YES;
				"INFOPLIST_KEY_UIApplicationSupportsIndirectInputEvents[sdk=iphoneos*]" = YES;
				"INFOPLIST_KEY_UIApplicationSupportsIndirectInputEvents[sdk=iphonesimulator*]" = YES;
				"INFOPLIST_KEY_UILaunchScreen_Generation[sdk=iphoneos*]" = YES;
				"INFOPLIST_KEY_UILaunchScreen_Generation[sdk=iphonesimulator*]" = YES;
				"INFOPLIST_KEY_UIStatusBarStyle[sdk=iphoneos*]" = UIStatusBarStyleDefault;
				"INFOPLIST_KEY_UIStatusBarStyle[sdk=iphonesimulator*]" = UIStatusBarStyleDefault;
				INFOPLIST_KEY_UISupportedInterfaceOrientations_iPad = "UIInterfaceOrientationPortrait UIInterfaceOrientationPortraitUpsideDown UIInterfaceOrientationLandscapeLeft UIInterfaceOrientationLandscapeRight";
				INFOPLIST_KEY_UISupportedInterfaceOrientations_iPhone = "UIInterfaceOrientationPortrait UIInterfaceOrientationLandscapeLeft UIInterfaceOrientationLandscapeRight";
				IPHONEOS_DEPLOYMENT_TARGET = 17.6;
				LD_RUNPATH_SEARCH_PATHS = "@executable_path/Frameworks";
				"LD_RUNPATH_SEARCH_PATHS[sdk=macosx*]" = "@executable_path/../Frameworks";
				MACOSX_DEPLOYMENT_TARGET = 11.5;
				MARKETING_VERSION = 1.03;
				PRODUCT_BUNDLE_IDENTIFIER = CHIA.iratappu;
				PRODUCT_NAME = "$(TARGET_NAME)";
				SDKROOT = auto;
				SUPPORTED_PLATFORMS = "iphoneos iphonesimulator macosx xros xrsimulator";
				SWIFT_EMIT_LOC_STRINGS = YES;
				SWIFT_VERSION = 5.0;
				TARGETED_DEVICE_FAMILY = "1,2,7";
				XROS_DEPLOYMENT_TARGET = 1.3;
			};
			name = Debug;
		};
		579D78CE2D8E50B4001EF133 /* Release */ = {
			isa = XCBuildConfiguration;
			baseConfigurationReference = 9501F6CFA4B78E3B7AFFEAE6 /* Pods-iratappu.release.xcconfig */;
			buildSettings = {
				ASSETCATALOG_COMPILER_APPICON_NAME = AppIcon;
				ASSETCATALOG_COMPILER_GLOBAL_ACCENT_COLOR_NAME = AccentColor;
				CODE_SIGN_ENTITLEMENTS = "";
				"CODE_SIGN_IDENTITY[sdk=macosx*]" = "Apple Development";
				CODE_SIGN_STYLE = Automatic;
				CURRENT_PROJECT_VERSION = 1;
				DEAD_CODE_STRIPPING = YES;
				DEVELOPMENT_ASSET_PATHS = "\"iratappu/Preview Content\"";
				DEVELOPMENT_TEAM = MY8WU4892D;
				ENABLE_HARDENED_RUNTIME = YES;
				ENABLE_PREVIEWS = YES;
				ENABLE_USER_SCRIPT_SANDBOXING = NO;
				GENERATE_INFOPLIST_FILE = YES;
				INFOPLIST_FILE = iratappu/Info.plist;
				"INFOPLIST_KEY_UIApplicationSceneManifest_Generation[sdk=iphoneos*]" = YES;
				"INFOPLIST_KEY_UIApplicationSceneManifest_Generation[sdk=iphonesimulator*]" = YES;
				"INFOPLIST_KEY_UIApplicationSupportsIndirectInputEvents[sdk=iphoneos*]" = YES;
				"INFOPLIST_KEY_UIApplicationSupportsIndirectInputEvents[sdk=iphonesimulator*]" = YES;
				"INFOPLIST_KEY_UILaunchScreen_Generation[sdk=iphoneos*]" = YES;
				"INFOPLIST_KEY_UILaunchScreen_Generation[sdk=iphonesimulator*]" = YES;
				"INFOPLIST_KEY_UIStatusBarStyle[sdk=iphoneos*]" = UIStatusBarStyleDefault;
				"INFOPLIST_KEY_UIStatusBarStyle[sdk=iphonesimulator*]" = UIStatusBarStyleDefault;
				INFOPLIST_KEY_UISupportedInterfaceOrientations_iPad = "UIInterfaceOrientationPortrait UIInterfaceOrientationPortraitUpsideDown UIInterfaceOrientationLandscapeLeft UIInterfaceOrientationLandscapeRight";
				INFOPLIST_KEY_UISupportedInterfaceOrientations_iPhone = "UIInterfaceOrientationPortrait UIInterfaceOrientationLandscapeLeft UIInterfaceOrientationLandscapeRight";
				IPHONEOS_DEPLOYMENT_TARGET = 17.6;
				LD_RUNPATH_SEARCH_PATHS = "@executable_path/Frameworks";
				"LD_RUNPATH_SEARCH_PATHS[sdk=macosx*]" = "@executable_path/../Frameworks";
				MACOSX_DEPLOYMENT_TARGET = 11.5;
				MARKETING_VERSION = 1.03;
				PRODUCT_BUNDLE_IDENTIFIER = CHIA.iratappu;
				PRODUCT_NAME = "$(TARGET_NAME)";
				SDKROOT = auto;
				SUPPORTED_PLATFORMS = "iphoneos iphonesimulator macosx xros xrsimulator";
				SWIFT_EMIT_LOC_STRINGS = YES;
				SWIFT_VERSION = 5.0;
				TARGETED_DEVICE_FAMILY = "1,2,7";
				XROS_DEPLOYMENT_TARGET = 1.3;
			};
			name = Release;
		};
		579D78D02D8E50B4001EF133 /* Debug */ = {
			isa = XCBuildConfiguration;
			baseConfigurationReference = BC4E742B67458DABA1511A25 /* Pods-iratappuTests.debug.xcconfig */;
			buildSettings = {
				BUNDLE_LOADER = "$(TEST_HOST)";
				CODE_SIGN_STYLE = Automatic;
				CURRENT_PROJECT_VERSION = 1;
				DEAD_CODE_STRIPPING = YES;
				DEVELOPMENT_TEAM = MY8WU4892D;
				GENERATE_INFOPLIST_FILE = YES;
				IPHONEOS_DEPLOYMENT_TARGET = 18.2;
				MACOSX_DEPLOYMENT_TARGET = 15.2;
				MARKETING_VERSION = 1.0;
				PRODUCT_BUNDLE_IDENTIFIER = CHIA.iratappuTests;
				PRODUCT_NAME = "$(TARGET_NAME)";
				SDKROOT = auto;
				SUPPORTED_PLATFORMS = "iphoneos iphonesimulator macosx xros xrsimulator";
				SWIFT_EMIT_LOC_STRINGS = NO;
				SWIFT_VERSION = 5.0;
				TARGETED_DEVICE_FAMILY = "1,2,7";
				TEST_HOST = "$(BUILT_PRODUCTS_DIR)/IRAPPO.app/$(BUNDLE_EXECUTABLE_FOLDER_PATH)/IRAPPO";
				XROS_DEPLOYMENT_TARGET = 2.2;
			};
			name = Debug;
		};
		579D78D12D8E50B4001EF133 /* Release */ = {
			isa = XCBuildConfiguration;
			baseConfigurationReference = 2C1A596D69BFB00833F2B0E7 /* Pods-iratappuTests.release.xcconfig */;
			buildSettings = {
				BUNDLE_LOADER = "$(TEST_HOST)";
				CODE_SIGN_STYLE = Automatic;
				CURRENT_PROJECT_VERSION = 1;
				DEAD_CODE_STRIPPING = YES;
				DEVELOPMENT_TEAM = MY8WU4892D;
				GENERATE_INFOPLIST_FILE = YES;
				IPHONEOS_DEPLOYMENT_TARGET = 18.2;
				MACOSX_DEPLOYMENT_TARGET = 15.2;
				MARKETING_VERSION = 1.0;
				PRODUCT_BUNDLE_IDENTIFIER = CHIA.iratappuTests;
				PRODUCT_NAME = "$(TARGET_NAME)";
				SDKROOT = auto;
				SUPPORTED_PLATFORMS = "iphoneos iphonesimulator macosx xros xrsimulator";
				SWIFT_EMIT_LOC_STRINGS = NO;
				SWIFT_VERSION = 5.0;
				TARGETED_DEVICE_FAMILY = "1,2,7";
				TEST_HOST = "$(BUILT_PRODUCTS_DIR)/IRAPPO.app/$(BUNDLE_EXECUTABLE_FOLDER_PATH)/IRAPPO";
				XROS_DEPLOYMENT_TARGET = 2.2;
			};
			name = Release;
		};
		579D78D32D8E50B4001EF133 /* Debug */ = {
			isa = XCBuildConfiguration;
			baseConfigurationReference = EC2140D89FEAE4AF50DC62F2 /* Pods-iratappu-iratappuUITests.debug.xcconfig */;
			buildSettings = {
				CODE_SIGN_STYLE = Automatic;
				CURRENT_PROJECT_VERSION = 1;
				DEAD_CODE_STRIPPING = YES;
				DEVELOPMENT_TEAM = MY8WU4892D;
				GENERATE_INFOPLIST_FILE = YES;
				IPHONEOS_DEPLOYMENT_TARGET = 18.2;
				MACOSX_DEPLOYMENT_TARGET = 15.2;
				MARKETING_VERSION = 1.0;
				PRODUCT_BUNDLE_IDENTIFIER = CHIA.iratappuUITests;
				PRODUCT_NAME = "$(TARGET_NAME)";
				SDKROOT = auto;
				SUPPORTED_PLATFORMS = "iphoneos iphonesimulator macosx xros xrsimulator";
				SWIFT_EMIT_LOC_STRINGS = NO;
				SWIFT_VERSION = 5.0;
				TARGETED_DEVICE_FAMILY = "1,2,7";
				TEST_TARGET_NAME = iratappu;
				XROS_DEPLOYMENT_TARGET = 2.2;
			};
			name = Debug;
		};
		579D78D42D8E50B4001EF133 /* Release */ = {
			isa = XCBuildConfiguration;
			baseConfigurationReference = 2AEB326C4A84A75AC24742C9 /* Pods-iratappu-iratappuUITests.release.xcconfig */;
			buildSettings = {
				CODE_SIGN_STYLE = Automatic;
				CURRENT_PROJECT_VERSION = 1;
				DEAD_CODE_STRIPPING = YES;
				DEVELOPMENT_TEAM = MY8WU4892D;
				GENERATE_INFOPLIST_FILE = YES;
				IPHONEOS_DEPLOYMENT_TARGET = 18.2;
				MACOSX_DEPLOYMENT_TARGET = 15.2;
				MARKETING_VERSION = 1.0;
				PRODUCT_BUNDLE_IDENTIFIER = CHIA.iratappuUITests;
				PRODUCT_NAME = "$(TARGET_NAME)";
				SDKROOT = auto;
				SUPPORTED_PLATFORMS = "iphoneos iphonesimulator macosx xros xrsimulator";
				SWIFT_EMIT_LOC_STRINGS = NO;
				SWIFT_VERSION = 5.0;
				TARGETED_DEVICE_FAMILY = "1,2,7";
				TEST_TARGET_NAME = iratappu;
				XROS_DEPLOYMENT_TARGET = 2.2;
			};
			name = Release;
		};
/* End XCBuildConfiguration section */

/* Begin XCConfigurationList section */
		579D78A02D8E50B3001EF133 /* Build configuration list for PBXProject "IRAPPO" */ = {
			isa = XCConfigurationList;
			buildConfigurations = (
				579D78CA2D8E50B4001EF133 /* Debug */,
				579D78CB2D8E50B4001EF133 /* Release */,
			);
			defaultConfigurationIsVisible = 0;
			defaultConfigurationName = Release;
		};
		579D78CC2D8E50B4001EF133 /* Build configuration list for PBXNativeTarget "IRAPPO" */ = {
			isa = XCConfigurationList;
			buildConfigurations = (
				579D78CD2D8E50B4001EF133 /* Debug */,
				579D78CE2D8E50B4001EF133 /* Release */,
			);
			defaultConfigurationIsVisible = 0;
			defaultConfigurationName = Release;
		};
		579D78CF2D8E50B4001EF133 /* Build configuration list for PBXNativeTarget "IRAPPOTests" */ = {
			isa = XCConfigurationList;
			buildConfigurations = (
				579D78D02D8E50B4001EF133 /* Debug */,
				579D78D12D8E50B4001EF133 /* Release */,
			);
			defaultConfigurationIsVisible = 0;
			defaultConfigurationName = Release;
		};
		579D78D22D8E50B4001EF133 /* Build configuration list for PBXNativeTarget "IRAPPOUITests" */ = {
			isa = XCConfigurationList;
			buildConfigurations = (
				579D78D32D8E50B4001EF133 /* Debug */,
				579D78D42D8E50B4001EF133 /* Release */,
			);
			defaultConfigurationIsVisible = 0;
			defaultConfigurationName = Release;
		};
/* End XCConfigurationList section */

/* Begin XCRemoteSwiftPackageReference section */
		576B2CBB2D8E95BA009A06FC /* XCRemoteSwiftPackageReference "swift-package-manager-google-mobile-ads" */ = {
			isa = XCRemoteSwiftPackageReference;
			repositoryURL = "https://github.com/googleads/swift-package-manager-google-mobile-ads.git";
			requirement = {
				kind = upToNextMajorVersion;
				minimumVersion = 12.2.0;
			};
		};
		579D79182D8E78E7001EF133 /* XCRemoteSwiftPackageReference "swift-package-manager-google-mobile-ads" */ = {
			isa = XCRemoteSwiftPackageReference;
			repositoryURL = "https://github.com/googleads/swift-package-manager-google-mobile-ads.git";
			requirement = {
				kind = upToNextMajorVersion;
				minimumVersion = 12.2.0;
			};
		};
/* End XCRemoteSwiftPackageReference section */

/* Begin XCSwiftPackageProductDependency section */
		576B2CBC2D8E95BA009A06FC /* GoogleMobileAds */ = {
			isa = XCSwiftPackageProductDependency;
			package = 576B2CBB2D8E95BA009A06FC /* XCRemoteSwiftPackageReference "swift-package-manager-google-mobile-ads" */;
			productName = GoogleMobileAds;
		};
		579D79192D8E78E7001EF133 /* GoogleMobileAds */ = {
			isa = XCSwiftPackageProductDependency;
			package = 579D79182D8E78E7001EF133 /* XCRemoteSwiftPackageReference "swift-package-manager-google-mobile-ads" */;
			productName = GoogleMobileAds;
		};
/* End XCSwiftPackageProductDependency section */
	};
	rootObject = 579D789D2D8E50B3001EF133 /* Project object */;
}
